
Microsoft Visual Studio Solution File, Format Version 12.00
# Visual Studio Version 17
VisualStudioVersion = 17.1.32319.34
MinimumVisualStudioVersion = 10.0.40219.1
Project("{9A19103F-16F7-4668-BE54-9A1E7A4F7556}") = "Notes.Library", "Notes.Library\Notes.Library.csproj", "{A69F392A-0E78-4D37-B84D-24271AC548BF}"
EndProject
Project("{9A19103F-16F7-4668-BE54-9A1E7A4F7556}") = "Note.Services", "Note.Services\Note.Services.csproj", "{1CCEE928-C596-494F-B3C9-80FFAABCD1DD}"
EndProject
Project("{9A19103F-16F7-4668-BE54-9A1E7A4F7556}") = "Note.Library.Test", "Note.Library.Test\Note.Library.Test.csproj", "{B667B494-D24C-4442-A956-5B8687CAEECB}"
EndProject
Project("{FAE04EC0-301F-11D3-BF4B-00C04F79EFBC}") = "Notes.Console", "Notes.Console\Notes.Console.csproj", "{090D793F-7B94-4AD9-9F1F-3F5355FC5734}"
EndProject
Global
	GlobalSection(SolutionConfigurationPlatforms) = preSolution
		Debug|Any CPU = Debug|Any CPU
		Release|Any CPU = Release|Any CPU
	EndGlobalSection
	GlobalSection(ProjectConfigurationPlatforms) = postSolution
		{A69F392A-0E78-4D37-B84D-24271AC548BF}.Debug|Any CPU.ActiveCfg = Debug|Any CPU
		{A69F392A-0E78-4D37-B84D-24271AC548BF}.Debug|Any CPU.Build.0 = Debug|Any CPU
		{A69F392A-0E78-4D37-B84D-24271AC548BF}.Release|Any CPU.ActiveCfg = Release|Any CPU
		{A69F392A-0E78-4D37-B84D-24271AC548BF}.Release|Any CPU.Build.0 = Release|Any CPU
		{1CCEE928-C596-494F-B3C9-80FFAABCD1DD}.Debug|Any CPU.ActiveCfg = Debug|Any CPU
		{1CCEE928-C596-494F-B3C9-80FFAABCD1DD}.Debug|Any CPU.Build.0 = Debug|Any CPU
		{1CCEE928-C596-494F-B3C9-80FFAABCD1DD}.Release|Any CPU.ActiveCfg = Release|Any CPU
		{1CCEE928-C596-494F-B3C9-80FFAABCD1DD}.Release|Any CPU.Build.0 = Release|Any CPU
		{B667B494-D24C-4442-A956-5B8687CAEECB}.Debug|Any CPU.ActiveCfg = Debug|Any CPU
		{B667B494-D24C-4442-A956-5B8687CAEECB}.Debug|Any CPU.Build.0 = Debug|Any CPU
		{B667B494-D24C-4442-A956-5B8687CAEECB}.Release|Any CPU.ActiveCfg = Release|Any CPU
		{B667B494-D24C-4442-A956-5B8687CAEECB}.Release|Any CPU.Build.0 = Release|Any CPU
		{090D793F-7B94-4AD9-9F1F-3F5355FC5734}.Debug|Any CPU.ActiveCfg = Debug|Any CPU
		{090D793F-7B94-4AD9-9F1F-3F5355FC5734}.Debug|Any CPU.Build.0 = Debug|Any CPU
		{090D793F-7B94-4AD9-9F1F-3F5355FC5734}.Release|Any CPU.ActiveCfg = Release|Any CPU
		{090D793F-7B94-4AD9-9F1F-3F5355FC5734}.Release|Any CPU.Build.0 = Release|Any CPU
	EndGlobalSection
	GlobalSection(SolutionProperties) = preSolution
		HideSolutionNode = FALSE
	EndGlobalSection
	GlobalSection(ExtensibilityGlobals) = postSolution
		SolutionGuid = {93F0CFC7-B2A5-43D7-89EB-3E3FE070CC90}
	EndGlobalSection
EndGlobal
